
Microsoft Visual Studio Solution File, Format Version 12.00
# Visual Studio 15
VisualStudioVersion = 15.0.27428.2037
MinimumVisualStudioVersion = 10.0.40219.1
Project("{8BC9CEB8-8B4A-11D0-8D11-00A0C91BC942}") = "pydext", "pydext\pydext.vcxproj", "{023C9F4B-FECC-430A-81D2-7044FAFF15D0}"
EndProject
Global
	GlobalSection(SolutionConfigurationPlatforms) = preSolution
		Debug|x64 = Debug|x64
		Debug|x86 = Debug|x86
		Release|x64 = Release|x64
		Release|x86 = Release|x86
	EndGlobalSection
	GlobalSection(ProjectConfigurationPlatforms) = postSolution
		{023C9F4B-FECC-430A-81D2-7044FAFF15D0}.Debug|x64.ActiveCfg = Debug|x64
		{023C9F4B-FECC-430A-81D2-7044FAFF15D0}.Debug|x64.Build.0 = Debug|x64
		{023C9F4B-FECC-430A-81D2-7044FAFF15D0}.Debug|x86.ActiveCfg = Debug|Win32
		{023C9F4B-FECC-430A-81D2-7044FAFF15D0}.Debug|x86.Build.0 = Debug|Win32
		{023C9F4B-FECC-430A-81D2-7044FAFF15D0}.Release|x64.ActiveCfg = Release|x64
		{023C9F4B-FECC-430A-81D2-7044FAFF15D0}.Release|x64.Build.0 = Release|x64
		{023C9F4B-FECC-430A-81D2-7044FAFF15D0}.Release|x86.ActiveCfg = Release|Win32
		{023C9F4B-FECC-430A-81D2-7044FAFF15D0}.Release|x86.Build.0 = Release|Win32
	EndGlobalSection
	GlobalSection(SolutionProperties) = preSolution
		HideSolutionNode = FALSE
	EndGlobalSection
	GlobalSection(ExtensibilityGlobals) = postSolution
		SolutionGuid = {FB11C75A-F832-45BC-BEB7-40ED2F7A3A3B}
	EndGlobalSection
EndGlobal
